
Microsoft Visual Studio Solution File, Format Version 12.00
# Visual Studio 2015
Project("{FAE04EC0-301F-11D3-BF4B-00C04F79EFBC}") = "SiebelFighter.Plugins", "SiebelFighter.Plugins.csproj", "{0CC4ED37-E14E-A808-A132-A322112EC4A3}"
EndProject
Project("{FAE04EC0-301F-11D3-BF4B-00C04F79EFBC}") = "SiebelFighter", "SiebelFighter.csproj", "{B4CF86C7-6FE4-38C1-5283-CEE534267957}"
EndProject
Project("{FAE04EC0-301F-11D3-BF4B-00C04F79EFBC}") = "SiebelFighter.Editor.Plugins", "SiebelFighter.Editor.Plugins.csproj", "{02B27211-A12D-BC58-F803-FA5C80A0E698}"
EndProject
Global
	GlobalSection(SolutionConfigurationPlatforms) = preSolution
		Debug|Any CPU = Debug|Any CPU
		Release|Any CPU = Release|Any CPU
	EndGlobalSection
	GlobalSection(ProjectConfigurationPlatforms) = postSolution
		{0CC4ED37-E14E-A808-A132-A322112EC4A3}.Debug|Any CPU.ActiveCfg = Debug|Any CPU
		{0CC4ED37-E14E-A808-A132-A322112EC4A3}.Debug|Any CPU.Build.0 = Debug|Any CPU
		{0CC4ED37-E14E-A808-A132-A322112EC4A3}.Release|Any CPU.ActiveCfg = Release|Any CPU
		{0CC4ED37-E14E-A808-A132-A322112EC4A3}.Release|Any CPU.Build.0 = Release|Any CPU
		{B4CF86C7-6FE4-38C1-5283-CEE534267957}.Debug|Any CPU.ActiveCfg = Debug|Any CPU
		{B4CF86C7-6FE4-38C1-5283-CEE534267957}.Debug|Any CPU.Build.0 = Debug|Any CPU
		{B4CF86C7-6FE4-38C1-5283-CEE534267957}.Release|Any CPU.ActiveCfg = Release|Any CPU
		{B4CF86C7-6FE4-38C1-5283-CEE534267957}.Release|Any CPU.Build.0 = Release|Any CPU
		{02B27211-A12D-BC58-F803-FA5C80A0E698}.Debug|Any CPU.ActiveCfg = Debug|Any CPU
		{02B27211-A12D-BC58-F803-FA5C80A0E698}.Debug|Any CPU.Build.0 = Debug|Any CPU
		{02B27211-A12D-BC58-F803-FA5C80A0E698}.Release|Any CPU.ActiveCfg = Release|Any CPU
		{02B27211-A12D-BC58-F803-FA5C80A0E698}.Release|Any CPU.Build.0 = Release|Any CPU
	EndGlobalSection
	GlobalSection(SolutionProperties) = preSolution
		HideSolutionNode = FALSE
	EndGlobalSection
EndGlobal
